{
  "nodes": {
    "nixpkgs": {
      "locked": {
        "lastModified": 1709066677,
        "narHash": "sha256-BDSfk8orp4K4R1av5F/3s3IinyrN2tFxkBGT0HVUenE=",
        "owner": "NixOS",
        "repo": "nixpkgs",
        "rev": "78d6e84385f5c77d17af504c440d5fc5aa89097b",
        "type": "github"
      },
      "original": {
        "owner": "NixOS",
        "repo": "nixpkgs",
        "type": "github"
      }
    },
    "root": {
      "inputs": {
        "nixpkgs": "nixpkgs"
      }
    }
  },
  "root": "root",
  "version": 7
}
