{
  "nodes": {
    "nixpkgs": {
      "locked": {
        "lastModified": 1708362595,
        "narHash": "sha256-UfdOpxaPptcEMi/Ja8G3nFaDiJD7ww7puxkt56gW0ps=",
        "owner": "NixOS",
        "repo": "nixpkgs",
        "rev": "5199001f7c631353399098ffd59a07bcaa77f3b9",
        "type": "github"
      },
      "original": {
        "owner": "NixOS",
        "repo": "nixpkgs",
        "type": "github"
      }
    },
    "root": {
      "inputs": {
        "nixpkgs": "nixpkgs"
      }
    }
  },
  "root": "root",
  "version": 7
}
